// !$*UTF8*$!
{
	archiveVersion = 1;
	classes = {
	};
	objectVersion = 46;
	objects = {

/* Begin PBXBuildFile section */
		DE20A4E31E61B099008B34D5 /* AppDelegate.swift in Sources */ = {isa = PBXBuildFile; fileRef = DE20A4E21E61B099008B34D5 /* AppDelegate.swift */; };
		DE20A4F81E61B099008B34D5 /* xinlangweiboTests.swift in Sources */ = {isa = PBXBuildFile; fileRef = DE20A4F71E61B099008B34D5 /* xinlangweiboTests.swift */; };
		DE20A5031E61B099008B34D5 /* xinlangweiboUITests.swift in Sources */ = {isa = PBXBuildFile; fileRef = DE20A5021E61B099008B34D5 /* xinlangweiboUITests.swift */; };
		DE20A5111E61B6DB008B34D5 /* Assets.xcassets in Resources */ = {isa = PBXBuildFile; fileRef = DE20A5101E61B6DB008B34D5 /* Assets.xcassets */; };
		DE20A51C1E627483008B34D5 /* MainTabBarController.swift in Sources */ = {isa = PBXBuildFile; fileRef = DE20A51B1E627483008B34D5 /* MainTabBarController.swift */; };
		DE20A51E1E627592008B34D5 /* DiscoverController.swift in Sources */ = {isa = PBXBuildFile; fileRef = DE20A51D1E627592008B34D5 /* DiscoverController.swift */; };
		DE20A5201E6275AA008B34D5 /* HomeController.swift in Sources */ = {isa = PBXBuildFile; fileRef = DE20A51F1E6275AA008B34D5 /* HomeController.swift */; };
		DE20A5221E6275B8008B34D5 /* MessageController.swift in Sources */ = {isa = PBXBuildFile; fileRef = DE20A5211E6275B8008B34D5 /* MessageController.swift */; };
		DE20A5241E6275CB008B34D5 /* ProfileController.swift in Sources */ = {isa = PBXBuildFile; fileRef = DE20A5231E6275CB008B34D5 /* ProfileController.swift */; };
		DE20A52A1E62EF30008B34D5 /* MainVCSettings.json in Resources */ = {isa = PBXBuildFile; fileRef = DE20A5281E62EF30008B34D5 /* MainVCSettings.json */; };
		DE20A52B1E62EF30008B34D5 /* NullViewController.swift in Sources */ = {isa = PBXBuildFile; fileRef = DE20A5291E62EF30008B34D5 /* NullViewController.swift */; };
		DE20A52D1E633F89008B34D5 /* UIButton+Extension.swift in Sources */ = {isa = PBXBuildFile; fileRef = DE20A52C1E633F89008B34D5 /* UIButton+Extension.swift */; };
		DE584ABA1E6BBAEF00C64049 /* LYPresentationManager.swift in Sources */ = {isa = PBXBuildFile; fileRef = DE584AB91E6BBAEF00C64049 /* LYPresentationManager.swift */; };
		DE584ABD1E6C25DE00C64049 /* QRCode.storyboard in Resources */ = {isa = PBXBuildFile; fileRef = DE584ABC1E6C25DE00C64049 /* QRCode.storyboard */; };
		DE584ABF1E6C27ED00C64049 /* QRCodeController.swift in Sources */ = {isa = PBXBuildFile; fileRef = DE584ABE1E6C27ED00C64049 /* QRCodeController.swift */; };
		DE9A0DC21E6714BA007277F2 /* UIBarButtonItem+Extension.swift in Sources */ = {isa = PBXBuildFile; fileRef = DE9A0DC11E6714BA007277F2 /* UIBarButtonItem+Extension.swift */; };
		DE9A0DC41E671C91007277F2 /* TitleButton.swift in Sources */ = {isa = PBXBuildFile; fileRef = DE9A0DC31E671C91007277F2 /* TitleButton.swift */; };
		DE9A0DC71E672B18007277F2 /* Popover.storyboard in Resources */ = {isa = PBXBuildFile; fileRef = DE9A0DC61E672B18007277F2 /* Popover.storyboard */; };
		DE9A0DC91E67318B007277F2 /* LYPresentationController.swift in Sources */ = {isa = PBXBuildFile; fileRef = DE9A0DC81E67318B007277F2 /* LYPresentationController.swift */; };
		DEB8EB821E659EBC00493C57 /* BaseTableViewController.swift in Sources */ = {isa = PBXBuildFile; fileRef = DEB8EB811E659EBC00493C57 /* BaseTableViewController.swift */; };
		DEB8EB841E65A0DB00493C57 /* VisitorVIew.swift in Sources */ = {isa = PBXBuildFile; fileRef = DEB8EB831E65A0DB00493C57 /* VisitorVIew.swift */; };
		DEB8EB861E65A0EF00493C57 /* VisitorVIew.xib in Resources */ = {isa = PBXBuildFile; fileRef = DEB8EB851E65A0EF00493C57 /* VisitorVIew.xib */; };
/* End PBXBuildFile section */

/* Begin PBXContainerItemProxy section */
		DE20A4F41E61B099008B34D5 /* PBXContainerItemProxy */ = {
			isa = PBXContainerItemProxy;
			containerPortal = DE20A4D71E61B099008B34D5 /* Project object */;
			proxyType = 1;
			remoteGlobalIDString = DE20A4DE1E61B099008B34D5;
			remoteInfo = xinlangweibo;
		};
		DE20A4FF1E61B099008B34D5 /* PBXContainerItemProxy */ = {
			isa = PBXContainerItemProxy;
			containerPortal = DE20A4D71E61B099008B34D5 /* Project object */;
			proxyType = 1;
			remoteGlobalIDString = DE20A4DE1E61B099008B34D5;
			remoteInfo = xinlangweibo;
		};
/* End PBXContainerItemProxy section */

/* Begin PBXFileReference section */
		DE20A4DF1E61B099008B34D5 /* lyweibo.app */ = {isa = PBXFileReference; explicitFileType = wrapper.application; includeInIndex = 0; path = lyweibo.app; sourceTree = BUILT_PRODUCTS_DIR; };
		DE20A4E21E61B099008B34D5 /* AppDelegate.swift */ = {isa = PBXFileReference; lastKnownFileType = sourcecode.swift; path = AppDelegate.swift; sourceTree = "<group>"; };
		DE20A4EE1E61B099008B34D5 /* Info.plist */ = {isa = PBXFileReference; lastKnownFileType = text.plist.xml; path = Info.plist; sourceTree = "<group>"; };
		DE20A4F31E61B099008B34D5 /* xinlangweiboTests.xctest */ = {isa = PBXFileReference; explicitFileType = wrapper.cfbundle; includeInIndex = 0; path = xinlangweiboTests.xctest; sourceTree = BUILT_PRODUCTS_DIR; };
		DE20A4F71E61B099008B34D5 /* xinlangweiboTests.swift */ = {isa = PBXFileReference; lastKnownFileType = sourcecode.swift; path = xinlangweiboTests.swift; sourceTree = "<group>"; };
		DE20A4F91E61B099008B34D5 /* Info.plist */ = {isa = PBXFileReference; lastKnownFileType = text.plist.xml; path = Info.plist; sourceTree = "<group>"; };
		DE20A4FE1E61B099008B34D5 /* xinlangweiboUITests.xctest */ = {isa = PBXFileReference; explicitFileType = wrapper.cfbundle; includeInIndex = 0; path = xinlangweiboUITests.xctest; sourceTree = BUILT_PRODUCTS_DIR; };
		DE20A5021E61B099008B34D5 /* xinlangweiboUITests.swift */ = {isa = PBXFileReference; lastKnownFileType = sourcecode.swift; path = xinlangweiboUITests.swift; sourceTree = "<group>"; };
		DE20A5041E61B099008B34D5 /* Info.plist */ = {isa = PBXFileReference; lastKnownFileType = text.plist.xml; path = Info.plist; sourceTree = "<group>"; };
		DE20A5101E61B6DB008B34D5 /* Assets.xcassets */ = {isa = PBXFileReference; lastKnownFileType = folder.assetcatalog; path = Assets.xcassets; sourceTree = "<group>"; };
		DE20A51B1E627483008B34D5 /* MainTabBarController.swift */ = {isa = PBXFileReference; fileEncoding = 4; lastKnownFileType = sourcecode.swift; path = MainTabBarController.swift; sourceTree = "<group>"; };
		DE20A51D1E627592008B34D5 /* DiscoverController.swift */ = {isa = PBXFileReference; fileEncoding = 4; lastKnownFileType = sourcecode.swift; path = DiscoverController.swift; sourceTree = "<group>"; };
		DE20A51F1E6275AA008B34D5 /* HomeController.swift */ = {isa = PBXFileReference; fileEncoding = 4; lastKnownFileType = sourcecode.swift; path = HomeController.swift; sourceTree = "<group>"; };
		DE20A5211E6275B8008B34D5 /* MessageController.swift */ = {isa = PBXFileReference; fileEncoding = 4; lastKnownFileType = sourcecode.swift; path = MessageController.swift; sourceTree = "<group>"; };
		DE20A5231E6275CB008B34D5 /* ProfileController.swift */ = {isa = PBXFileReference; fileEncoding = 4; lastKnownFileType = sourcecode.swift; path = ProfileController.swift; sourceTree = "<group>"; };
		DE20A5281E62EF30008B34D5 /* MainVCSettings.json */ = {isa = PBXFileReference; fileEncoding = 4; lastKnownFileType = text.json; path = MainVCSettings.json; sourceTree = "<group>"; };
		DE20A5291E62EF30008B34D5 /* NullViewController.swift */ = {isa = PBXFileReference; fileEncoding = 4; lastKnownFileType = sourcecode.swift; path = NullViewController.swift; sourceTree = "<group>"; };
		DE20A52C1E633F89008B34D5 /* UIButton+Extension.swift */ = {isa = PBXFileReference; fileEncoding = 4; lastKnownFileType = sourcecode.swift; path = "UIButton+Extension.swift"; sourceTree = "<group>"; };
		DE584AB91E6BBAEF00C64049 /* LYPresentationManager.swift */ = {isa = PBXFileReference; fileEncoding = 4; lastKnownFileType = sourcecode.swift; path = LYPresentationManager.swift; sourceTree = "<group>"; };
		DE584ABC1E6C25DE00C64049 /* QRCode.storyboard */ = {isa = PBXFileReference; fileEncoding = 4; lastKnownFileType = file.storyboard; path = QRCode.storyboard; sourceTree = "<group>"; };
		DE584ABE1E6C27ED00C64049 /* QRCodeController.swift */ = {isa = PBXFileReference; fileEncoding = 4; lastKnownFileType = sourcecode.swift; path = QRCodeController.swift; sourceTree = "<group>"; };
		DE9A0DC11E6714BA007277F2 /* UIBarButtonItem+Extension.swift */ = {isa = PBXFileReference; fileEncoding = 4; lastKnownFileType = sourcecode.swift; path = "UIBarButtonItem+Extension.swift"; sourceTree = "<group>"; };
		DE9A0DC31E671C91007277F2 /* TitleButton.swift */ = {isa = PBXFileReference; fileEncoding = 4; lastKnownFileType = sourcecode.swift; path = TitleButton.swift; sourceTree = "<group>"; };
		DE9A0DC61E672B18007277F2 /* Popover.storyboard */ = {isa = PBXFileReference; fileEncoding = 4; lastKnownFileType = file.storyboard; path = Popover.storyboard; sourceTree = "<group>"; };
		DE9A0DC81E67318B007277F2 /* LYPresentationController.swift */ = {isa = PBXFileReference; fileEncoding = 4; lastKnownFileType = sourcecode.swift; path = LYPresentationController.swift; sourceTree = "<group>"; };
		DEB8EB811E659EBC00493C57 /* BaseTableViewController.swift */ = {isa = PBXFileReference; fileEncoding = 4; lastKnownFileType = sourcecode.swift; path = BaseTableViewController.swift; sourceTree = "<group>"; };
		DEB8EB831E65A0DB00493C57 /* VisitorVIew.swift */ = {isa = PBXFileReference; fileEncoding = 4; lastKnownFileType = sourcecode.swift; path = VisitorVIew.swift; sourceTree = "<group>"; };
		DEB8EB851E65A0EF00493C57 /* VisitorVIew.xib */ = {isa = PBXFileReference; fileEncoding = 4; lastKnownFileType = file.xib; path = VisitorVIew.xib; sourceTree = "<group>"; };
/* End PBXFileReference section */

/* Begin PBXFrameworksBuildPhase section */
		DE20A4DC1E61B099008B34D5 /* Frameworks */ = {
			isa = PBXFrameworksBuildPhase;
			buildActionMask = 2147483647;
			files = (
			);
			runOnlyForDeploymentPostprocessing = 0;
		};
		DE20A4F01E61B099008B34D5 /* Frameworks */ = {
			isa = PBXFrameworksBuildPhase;
			buildActionMask = 2147483647;
			files = (
			);
			runOnlyForDeploymentPostprocessing = 0;
		};
		DE20A4FB1E61B099008B34D5 /* Frameworks */ = {
			isa = PBXFrameworksBuildPhase;
			buildActionMask = 2147483647;
			files = (
			);
			runOnlyForDeploymentPostprocessing = 0;
		};
/* End PBXFrameworksBuildPhase section */

/* Begin PBXGroup section */
		DE20A4D61E61B099008B34D5 = {
			isa = PBXGroup;
			children = (
				DE20A4E11E61B099008B34D5 /* xinlangweibo */,
				DE20A4F61E61B099008B34D5 /* xinlangweiboTests */,
				DE20A5011E61B099008B34D5 /* xinlangweiboUITests */,
				DE20A4E01E61B099008B34D5 /* Products */,
			);
			sourceTree = "<group>";
		};
		DE20A4E01E61B099008B34D5 /* Products */ = {
			isa = PBXGroup;
			children = (
				DE20A4DF1E61B099008B34D5 /* lyweibo.app */,
				DE20A4F31E61B099008B34D5 /* xinlangweiboTests.xctest */,
				DE20A4FE1E61B099008B34D5 /* xinlangweiboUITests.xctest */,
			);
			name = Products;
			sourceTree = "<group>";
		};
		DE20A4E11E61B099008B34D5 /* xinlangweibo */ = {
			isa = PBXGroup;
			children = (
				DE20A5121E627258008B34D5 /* Compose */,
				DE20A5131E627258008B34D5 /* Discover */,
				DE20A5141E627258008B34D5 /* Home */,
				DE20A5151E627258008B34D5 /* Main */,
				DE20A5161E627258008B34D5 /* Message */,
				DE20A5171E627258008B34D5 /* Profile */,
				DE20A5181E627258008B34D5 /* Tools */,
				DE20A4E21E61B099008B34D5 /* AppDelegate.swift */,
				DE20A4EE1E61B099008B34D5 /* Info.plist */,
				DE20A5101E61B6DB008B34D5 /* Assets.xcassets */,
			);
			path = xinlangweibo;
			sourceTree = "<group>";
		};
		DE20A4F61E61B099008B34D5 /* xinlangweiboTests */ = {
			isa = PBXGroup;
			children = (
				DE20A4F71E61B099008B34D5 /* xinlangweiboTests.swift */,
				DE20A4F91E61B099008B34D5 /* Info.plist */,
			);
			path = xinlangweiboTests;
			sourceTree = "<group>";
		};
		DE20A5011E61B099008B34D5 /* xinlangweiboUITests */ = {
			isa = PBXGroup;
			children = (
				DE20A5021E61B099008B34D5 /* xinlangweiboUITests.swift */,
				DE20A5041E61B099008B34D5 /* Info.plist */,
			);
			path = xinlangweiboUITests;
			sourceTree = "<group>";
		};
		DE20A5121E627258008B34D5 /* Compose */ = {
			isa = PBXGroup;
			children = (
			);
			name = Compose;
			path = Class/Compose;
			sourceTree = "<group>";
		};
		DE20A5131E627258008B34D5 /* Discover */ = {
			isa = PBXGroup;
			children = (
				DE20A51D1E627592008B34D5 /* DiscoverController.swift */,
			);
			name = Discover;
			path = Class/Discover;
			sourceTree = "<group>";
		};
		DE20A5141E627258008B34D5 /* Home */ = {
			isa = PBXGroup;
			children = (
				DE584ABB1E6C257A00C64049 /* QRCode */,
				DE9A0DC51E672AED007277F2 /* Popover */,
				DE20A51F1E6275AA008B34D5 /* HomeController.swift */,
			);
			name = Home;
			path = Class/Home;
			sourceTree = "<group>";
		};
		DE20A5151E627258008B34D5 /* Main */ = {
			isa = PBXGroup;
			children = (
				DE20A5271E62EF30008B34D5 /* Resource */,
				DE20A51B1E627483008B34D5 /* MainTabBarController.swift */,
				DEB8EB811E659EBC00493C57 /* BaseTableViewController.swift */,
				DEB8EB831E65A0DB00493C57 /* VisitorVIew.swift */,
				DEB8EB851E65A0EF00493C57 /* VisitorVIew.xib */,
			);
			name = Main;
			path = Class/Main;
			sourceTree = "<group>";
		};
		DE20A5161E627258008B34D5 /* Message */ = {
			isa = PBXGroup;
			children = (
				DE20A5211E6275B8008B34D5 /* MessageController.swift */,
			);
			name = Message;
			path = Class/Message;
			sourceTree = "<group>";
		};
		DE20A5171E627258008B34D5 /* Profile */ = {
			isa = PBXGroup;
			children = (
				DE20A5231E6275CB008B34D5 /* ProfileController.swift */,
			);
			name = Profile;
			path = Class/Profile;
			sourceTree = "<group>";
		};
		DE20A5181E627258008B34D5 /* Tools */ = {
			isa = PBXGroup;
			children = (
				DE20A52C1E633F89008B34D5 /* UIButton+Extension.swift */,
				DE9A0DC11E6714BA007277F2 /* UIBarButtonItem+Extension.swift */,
				DE9A0DC31E671C91007277F2 /* TitleButton.swift */,
			);
			name = Tools;
			path = Class/Tools;
			sourceTree = "<group>";
		};
		DE20A5271E62EF30008B34D5 /* Resource */ = {
			isa = PBXGroup;
			children = (
				DE20A5281E62EF30008B34D5 /* MainVCSettings.json */,
				DE20A5291E62EF30008B34D5 /* NullViewController.swift */,
			);
			path = Resource;
			sourceTree = "<group>";
		};
		DE584ABB1E6C257A00C64049 /* QRCode */ = {
			isa = PBXGroup;
			children = (
				DE584ABC1E6C25DE00C64049 /* QRCode.storyboard */,
				DE584ABE1E6C27ED00C64049 /* QRCodeController.swift */,
			);
			name = QRCode;
			sourceTree = "<group>";
		};
		DE9A0DC51E672AED007277F2 /* Popover */ = {
			isa = PBXGroup;
			children = (
				DE9A0DC61E672B18007277F2 /* Popover.storyboard */,
				DE9A0DC81E67318B007277F2 /* LYPresentationController.swift */,
				DE584AB91E6BBAEF00C64049 /* LYPresentationManager.swift */,
			);
			name = Popover;
			sourceTree = "<group>";
		};
/* End PBXGroup section */

/* Begin PBXNativeTarget section */
		DE20A4DE1E61B099008B34D5 /* xinlangweibo */ = {
			isa = PBXNativeTarget;
			buildConfigurationList = DE20A5071E61B099008B34D5 /* Build configuration list for PBXNativeTarget "xinlangweibo" */;
			buildPhases = (
				DE20A4DB1E61B099008B34D5 /* Sources */,
				DE20A4DC1E61B099008B34D5 /* Frameworks */,
				DE20A4DD1E61B099008B34D5 /* Resources */,
			);
			buildRules = (
			);
			dependencies = (
			);
			name = xinlangweibo;
			productName = xinlangweibo;
			productReference = DE20A4DF1E61B099008B34D5 /* lyweibo.app */;
			productType = "com.apple.product-type.application";
		};
		DE20A4F21E61B099008B34D5 /* xinlangweiboTests */ = {
			isa = PBXNativeTarget;
			buildConfigurationList = DE20A50A1E61B099008B34D5 /* Build configuration list for PBXNativeTarget "xinlangweiboTests" */;
			buildPhases = (
				DE20A4EF1E61B099008B34D5 /* Sources */,
				DE20A4F01E61B099008B34D5 /* Frameworks */,
				DE20A4F11E61B099008B34D5 /* Resources */,
			);
			buildRules = (
			);
			dependencies = (
				DE20A4F51E61B099008B34D5 /* PBXTargetDependency */,
			);
			name = xinlangweiboTests;
			productName = xinlangweiboTests;
			productReference = DE20A4F31E61B099008B34D5 /* xinlangweiboTests.xctest */;
			productType = "com.apple.product-type.bundle.unit-test";
		};
		DE20A4FD1E61B099008B34D5 /* xinlangweiboUITests */ = {
			isa = PBXNativeTarget;
			buildConfigurationList = DE20A50D1E61B099008B34D5 /* Build configuration list for PBXNativeTarget "xinlangweiboUITests" */;
			buildPhases = (
				DE20A4FA1E61B099008B34D5 /* Sources */,
				DE20A4FB1E61B099008B34D5 /* Frameworks */,
				DE20A4FC1E61B099008B34D5 /* Resources */,
			);
			buildRules = (
			);
			dependencies = (
				DE20A5001E61B099008B34D5 /* PBXTargetDependency */,
			);
			name = xinlangweiboUITests;
			productName = xinlangweiboUITests;
			productReference = DE20A4FE1E61B099008B34D5 /* xinlangweiboUITests.xctest */;
			productType = "com.apple.product-type.bundle.ui-testing";
		};
/* End PBXNativeTarget section */

/* Begin PBXProject section */
		DE20A4D71E61B099008B34D5 /* Project object */ = {
			isa = PBXProject;
			attributes = {
				LastSwiftUpdateCheck = 0820;
				LastUpgradeCheck = 0820;
				ORGANIZATIONNAME = liluyang;
				TargetAttributes = {
					DE20A4DE1E61B099008B34D5 = {
						CreatedOnToolsVersion = 8.2.1;
						DevelopmentTeam = D39GTQ96VX;
						ProvisioningStyle = Automatic;
					};
					DE20A4F21E61B099008B34D5 = {
						CreatedOnToolsVersion = 8.2.1;
						ProvisioningStyle = Automatic;
						TestTargetID = DE20A4DE1E61B099008B34D5;
					};
					DE20A4FD1E61B099008B34D5 = {
						CreatedOnToolsVersion = 8.2.1;
						ProvisioningStyle = Automatic;
						TestTargetID = DE20A4DE1E61B099008B34D5;
					};
				};
			};
			buildConfigurationList = DE20A4DA1E61B099008B34D5 /* Build configuration list for PBXProject "xinlangweibo" */;
			compatibilityVersion = "Xcode 3.2";
			developmentRegion = English;
			hasScannedForEncodings = 0;
			knownRegions = (
				en,
				Base,
			);
			mainGroup = DE20A4D61E61B099008B34D5;
			productRefGroup = DE20A4E01E61B099008B34D5 /* Products */;
			projectDirPath = "";
			projectRoot = "";
			targets = (
				DE20A4DE1E61B099008B34D5 /* xinlangweibo */,
				DE20A4F21E61B099008B34D5 /* xinlangweiboTests */,
				DE20A4FD1E61B099008B34D5 /* xinlangweiboUITests */,
			);
		};
/* End PBXProject section */

/* Begin PBXResourcesBuildPhase section */
		DE20A4DD1E61B099008B34D5 /* Resources */ = {
			isa = PBXResourcesBuildPhase;
			buildActionMask = 2147483647;
			files = (
				DE9A0DC71E672B18007277F2 /* Popover.storyboard in Resources */,
				DE20A52A1E62EF30008B34D5 /* MainVCSettings.json in Resources */,
				DEB8EB861E65A0EF00493C57 /* VisitorVIew.xib in Resources */,
				DE20A5111E61B6DB008B34D5 /* Assets.xcassets in Resources */,
				DE584ABD1E6C25DE00C64049 /* QRCode.storyboard in Resources */,
			);
			runOnlyForDeploymentPostprocessing = 0;
		};
		DE20A4F11E61B099008B34D5 /* Resources */ = {
			isa = PBXResourcesBuildPhase;
			buildActionMask = 2147483647;
			files = (
			);
			runOnlyForDeploymentPostprocessing = 0;
		};
		DE20A4FC1E61B099008B34D5 /* Resources */ = {
			isa = PBXResourcesBuildPhase;
			buildActionMask = 2147483647;
			files = (
			);
			runOnlyForDeploymentPostprocessing = 0;
		};
/* End PBXResourcesBuildPhase section */

/* Begin PBXSourcesBuildPhase section */
		DE20A4DB1E61B099008B34D5 /* Sources */ = {
			isa = PBXSourcesBuildPhase;
			buildActionMask = 2147483647;
			files = (
				DEB8EB821E659EBC00493C57 /* BaseTableViewController.swift in Sources */,
				DE20A5201E6275AA008B34D5 /* HomeController.swift in Sources */,
				DE20A51C1E627483008B34D5 /* MainTabBarController.swift in Sources */,
				DE20A5221E6275B8008B34D5 /* MessageController.swift in Sources */,
				DE584ABA1E6BBAEF00C64049 /* LYPresentationManager.swift in Sources */,
				DE20A4E31E61B099008B34D5 /* AppDelegate.swift in Sources */,
				DE9A0DC91E67318B007277F2 /* LYPresentationController.swift in Sources */,
				DE9A0DC21E6714BA007277F2 /* UIBarButtonItem+Extension.swift in Sources */,
				DEB8EB841E65A0DB00493C57 /* VisitorVIew.swift in Sources */,
				DE20A51E1E627592008B34D5 /* DiscoverController.swift in Sources */,
				DE20A52D1E633F89008B34D5 /* UIButton+Extension.swift in Sources */,
				DE20A5241E6275CB008B34D5 /* ProfileController.swift in Sources */,
				DE9A0DC41E671C91007277F2 /* TitleButton.swift in Sources */,
				DE20A52B1E62EF30008B34D5 /* NullViewController.swift in Sources */,
				DE584ABF1E6C27ED00C64049 /* QRCodeController.swift in Sources */,
			);
			runOnlyForDeploymentPostprocessing = 0;
		};
		DE20A4EF1E61B099008B34D5 /* Sources */ = {
			isa = PBXSourcesBuildPhase;
			buildActionMask = 2147483647;
			files = (
				DE20A4F81E61B099008B34D5 /* xinlangweiboTests.swift in Sources */,
			);
			runOnlyForDeploymentPostprocessing = 0;
		};
		DE20A4FA1E61B099008B34D5 /* Sources */ = {
			isa = PBXSourcesBuildPhase;
			buildActionMask = 2147483647;
			files = (
				DE20A5031E61B099008B34D5 /* xinlangweiboUITests.swift in Sources */,
			);
			runOnlyForDeploymentPostprocessing = 0;
		};
/* End PBXSourcesBuildPhase section */

/* Begin PBXTargetDependency section */
		DE20A4F51E61B099008B34D5 /* PBXTargetDependency */ = {
			isa = PBXTargetDependency;
			target = DE20A4DE1E61B099008B34D5 /* xinlangweibo */;
			targetProxy = DE20A4F41E61B099008B34D5 /* PBXContainerItemProxy */;
		};
		DE20A5001E61B099008B34D5 /* PBXTargetDependency */ = {
			isa = PBXTargetDependency;
			target = DE20A4DE1E61B099008B34D5 /* xinlangweibo */;
			targetProxy = DE20A4FF1E61B099008B34D5 /* PBXContainerItemProxy */;
		};
/* End PBXTargetDependency section */

/* Begin XCBuildConfiguration section */
		DE20A5051E61B099008B34D5 /* Debug */ = {
			isa = XCBuildConfiguration;
			buildSettings = {
				ALWAYS_SEARCH_USER_PATHS = NO;
				CLANG_ANALYZER_NONNULL = YES;
				CLANG_CXX_LANGUAGE_STANDARD = "gnu++0x";
				CLANG_CXX_LIBRARY = "libc++";
				CLANG_ENABLE_MODULES = YES;
				CLANG_ENABLE_OBJC_ARC = YES;
				CLANG_WARN_BOOL_CONVERSION = YES;
				CLANG_WARN_CONSTANT_CONVERSION = YES;
				CLANG_WARN_DIRECT_OBJC_ISA_USAGE = YES_ERROR;
				CLANG_WARN_DOCUMENTATION_COMMENTS = YES;
				CLANG_WARN_EMPTY_BODY = YES;
				CLANG_WARN_ENUM_CONVERSION = YES;
				CLANG_WARN_INFINITE_RECURSION = YES;
				CLANG_WARN_INT_CONVERSION = YES;
				CLANG_WARN_OBJC_ROOT_CLASS = YES_ERROR;
				CLANG_WARN_SUSPICIOUS_MOVE = YES;
				CLANG_WARN_UNREACHABLE_CODE = YES;
				CLANG_WARN__DUPLICATE_METHOD_MATCH = YES;
				"CODE_SIGN_IDENTITY[sdk=iphoneos*]" = "iPhone Developer";
				COPY_PHASE_STRIP = NO;
				DEBUG_INFORMATION_FORMAT = dwarf;
				ENABLE_STRICT_OBJC_MSGSEND = YES;
				ENABLE_TESTABILITY = YES;
				GCC_C_LANGUAGE_STANDARD = gnu99;
				GCC_DYNAMIC_NO_PIC = NO;
				GCC_NO_COMMON_BLOCKS = YES;
				GCC_OPTIMIZATION_LEVEL = 0;
				GCC_PREPROCESSOR_DEFINITIONS = (
					"DEBUG=1",
					"$(inherited)",
				);
				GCC_WARN_64_TO_32_BIT_CONVERSION = YES;
				GCC_WARN_ABOUT_RETURN_TYPE = YES_ERROR;
				GCC_WARN_UNDECLARED_SELECTOR = YES;
				GCC_WARN_UNINITIALIZED_AUTOS = YES_AGGRESSIVE;
				GCC_WARN_UNUSED_FUNCTION = YES;
				GCC_WARN_UNUSED_VARIABLE = YES;
				IPHONEOS_DEPLOYMENT_TARGET = 10.2;
				MTL_ENABLE_DEBUG_INFO = YES;
				ONLY_ACTIVE_ARCH = YES;
				SDKROOT = iphoneos;
				SWIFT_ACTIVE_COMPILATION_CONDITIONS = DEBUG;
				SWIFT_OPTIMIZATION_LEVEL = "-Onone";
			};
			name = Debug;
		};
		DE20A5061E61B099008B34D5 /* Release */ = {
			isa = XCBuildConfiguration;
			buildSettings = {
				ALWAYS_SEARCH_USER_PATHS = NO;
				CLANG_ANALYZER_NONNULL = YES;
				CLANG_CXX_LANGUAGE_STANDARD = "gnu++0x";
				CLANG_CXX_LIBRARY = "libc++";
				CLANG_ENABLE_MODULES = YES;
				CLANG_ENABLE_OBJC_ARC = YES;
				CLANG_WARN_BOOL_CONVERSION = YES;
				CLANG_WARN_CONSTANT_CONVERSION = YES;
				CLANG_WARN_DIRECT_OBJC_ISA_USAGE = YES_ERROR;
				CLANG_WARN_DOCUMENTATION_COMMENTS = YES;
				CLANG_WARN_EMPTY_BODY = YES;
				CLANG_WARN_ENUM_CONVERSION = YES;
				CLANG_WARN_INFINITE_RECURSION = YES;
				CLANG_WARN_INT_CONVERSION = YES;
				CLANG_WARN_OBJC_ROOT_CLASS = YES_ERROR;
				CLANG_WARN_SUSPICIOUS_MOVE = YES;
				CLANG_WARN_UNREACHABLE_CODE = YES;
				CLANG_WARN__DUPLICATE_METHOD_MATCH = YES;
				"CODE_SIGN_IDENTITY[sdk=iphoneos*]" = "iPhone Developer";
				COPY_PHASE_STRIP = NO;
				DEBUG_INFORMATION_FORMAT = "dwarf-with-dsym";
				ENABLE_NS_ASSERTIONS = NO;
				ENABLE_STRICT_OBJC_MSGSEND = YES;
				GCC_C_LANGUAGE_STANDARD = gnu99;
				GCC_NO_COMMON_BLOCKS = YES;
				GCC_WARN_64_TO_32_BIT_CONVERSION = YES;
				GCC_WARN_ABOUT_RETURN_TYPE = YES_ERROR;
				GCC_WARN_UNDECLARED_SELECTOR = YES;
				GCC_WARN_UNINITIALIZED_AUTOS = YES_AGGRESSIVE;
				GCC_WARN_UNUSED_FUNCTION = YES;
				GCC_WARN_UNUSED_VARIABLE = YES;
				IPHONEOS_DEPLOYMENT_TARGET = 10.2;
				MTL_ENABLE_DEBUG_INFO = NO;
				SDKROOT = iphoneos;
				SWIFT_OPTIMIZATION_LEVEL = "-Owholemodule";
				VALIDATE_PRODUCT = YES;
			};
			name = Release;
		};
		DE20A5081E61B099008B34D5 /* Debug */ = {
			isa = XCBuildConfiguration;
			buildSettings = {
				ASSETCATALOG_COMPILER_APPICON_NAME = AppIcon;
				ASSETCATALOG_COMPILER_LAUNCHIMAGE_NAME = LaunchImage;
				DEVELOPMENT_TEAM = D39GTQ96VX;
				INFOPLIST_FILE = xinlangweibo/Info.plist;
				IPHONEOS_DEPLOYMENT_TARGET = 8.0;
				LD_RUNPATH_SEARCH_PATHS = "$(inherited) @executable_path/Frameworks";
				OTHER_SWIFT_FLAGS = "-D DEUG";
				PRODUCT_BUNDLE_IDENTIFIER = com.liluyang.www.xinlangweibo;
				PRODUCT_NAME = lyweibo;
				SWIFT_VERSION = 3.0;
			};
			name = Debug;
		};
		DE20A5091E61B099008B34D5 /* Release */ = {
			isa = XCBuildConfiguration;
			buildSettings = {
				ASSETCATALOG_COMPILER_APPICON_NAME = AppIcon;
				ASSETCATALOG_COMPILER_LAUNCHIMAGE_NAME = LaunchImage;
				DEVELOPMENT_TEAM = D39GTQ96VX;
				INFOPLIST_FILE = xinlangweibo/Info.plist;
				IPHONEOS_DEPLOYMENT_TARGET = 8.0;
				LD_RUNPATH_SEARCH_PATHS = "$(inherited) @executable_path/Frameworks";
				OTHER_SWIFT_FLAGS = "-D DEUG";
				PRODUCT_BUNDLE_IDENTIFIER = com.liluyang.www.xinlangweibo;
				PRODUCT_NAME = lyweibo;
				SWIFT_VERSION = 3.0;
			};
			name = Release;
		};
		DE20A50B1E61B099008B34D5 /* Debug */ = {
			isa = XCBuildConfiguration;
			buildSettings = {
				ALWAYS_EMBED_SWIFT_STANDARD_LIBRARIES = YES;
				BUNDLE_LOADER = "$(TEST_HOST)";
				INFOPLIST_FILE = xinlangweiboTests/Info.plist;
				LD_RUNPATH_SEARCH_PATHS = "$(inherited) @executable_path/Frameworks @loader_path/Frameworks";
				PRODUCT_BUNDLE_IDENTIFIER = com.liluyang.www.xinlangweiboTests;
				PRODUCT_NAME = "$(TARGET_NAME)";
				SWIFT_VERSION = 3.0;
				TEST_HOST = "$(BUILT_PRODUCTS_DIR)/xinlangweibo.app/xinlangweibo";
			};
			name = Debug;
		};
		DE20A50C1E61B099008B34D5 /* Release */ = {
			isa = XCBuildConfiguration;
			buildSettings = {
				ALWAYS_EMBED_SWIFT_STANDARD_LIBRARIES = YES;
				BUNDLE_LOADER = "$(TEST_HOST)";
				INFOPLIST_FILE = xinlangweiboTests/Info.plist;
				LD_RUNPATH_SEARCH_PATHS = "$(inherited) @executable_path/Frameworks @loader_path/Frameworks";
				PRODUCT_BUNDLE_IDENTIFIER = com.liluyang.www.xinlangweiboTests;
				PRODUCT_NAME = "$(TARGET_NAME)";
				SWIFT_VERSION = 3.0;
				TEST_HOST = "$(BUILT_PRODUCTS_DIR)/xinlangweibo.app/xinlangweibo";
			};
			name = Release;
		};
		DE20A50E1E61B099008B34D5 /* Debug */ = {
			isa = XCBuildConfiguration;
			buildSettings = {
				ALWAYS_EMBED_SWIFT_STANDARD_LIBRARIES = YES;
				INFOPLIST_FILE = xinlangweiboUITests/Info.plist;
				LD_RUNPATH_SEARCH_PATHS = "$(inherited) @executable_path/Frameworks @loader_path/Frameworks";
				PRODUCT_BUNDLE_IDENTIFIER = com.liluyang.www.xinlangweiboUITests;
				PRODUCT_NAME = "$(TARGET_NAME)";
				SWIFT_VERSION = 3.0;
				TEST_TARGET_NAME = xinlangweibo;
			};
			name = Debug;
		};
		DE20A50F1E61B099008B34D5 /* Release */ = {
			isa = XCBuildConfiguration;
			buildSettings = {
				ALWAYS_EMBED_SWIFT_STANDARD_LIBRARIES = YES;
				INFOPLIST_FILE = xinlangweiboUITests/Info.plist;
				LD_RUNPATH_SEARCH_PATHS = "$(inherited) @executable_path/Frameworks @loader_path/Frameworks";
				PRODUCT_BUNDLE_IDENTIFIER = com.liluyang.www.xinlangweiboUITests;
				PRODUCT_NAME = "$(TARGET_NAME)";
				SWIFT_VERSION = 3.0;
				TEST_TARGET_NAME = xinlangweibo;
			};
			name = Release;
		};
/* End XCBuildConfiguration section */

/* Begin XCConfigurationList section */
		DE20A4DA1E61B099008B34D5 /* Build configuration list for PBXProject "xinlangweibo" */ = {
			isa = XCConfigurationList;
			buildConfigurations = (
				DE20A5051E61B099008B34D5 /* Debug */,
				DE20A5061E61B099008B34D5 /* Release */,
			);
			defaultConfigurationIsVisible = 0;
			defaultConfigurationName = Release;
		};
		DE20A5071E61B099008B34D5 /* Build configuration list for PBXNativeTarget "xinlangweibo" */ = {
			isa = XCConfigurationList;
			buildConfigurations = (
				DE20A5081E61B099008B34D5 /* Debug */,
				DE20A5091E61B099008B34D5 /* Release */,
			);
			defaultConfigurationIsVisible = 0;
			defaultConfigurationName = Release;
		};
		DE20A50A1E61B099008B34D5 /* Build configuration list for PBXNativeTarget "xinlangweiboTests" */ = {
			isa = XCConfigurationList;
			buildConfigurations = (
				DE20A50B1E61B099008B34D5 /* Debug */,
				DE20A50C1E61B099008B34D5 /* Release */,
			);
			defaultConfigurationIsVisible = 0;
			defaultConfigurationName = Release;
		};
		DE20A50D1E61B099008B34D5 /* Build configuration list for PBXNativeTarget "xinlangweiboUITests" */ = {
			isa = XCConfigurationList;
			buildConfigurations = (
				DE20A50E1E61B099008B34D5 /* Debug */,
				DE20A50F1E61B099008B34D5 /* Release */,
			);
			defaultConfigurationIsVisible = 0;
			defaultConfigurationName = Release;
		};
/* End XCConfigurationList section */
	};
	rootObject = DE20A4D71E61B099008B34D5 /* Project object */;
}
